
Microsoft Visual Studio Solution File, Format Version 11.00
# Visual Studio 2010
Project("{8BC9CEB8-8B4A-11D0-8D11-00A0C91BC942}") = "BHO5", "BHO5.vcxproj", "{25D9528D-817E-4FCC-B395-A337A965A2BD}"
EndProject
Project("{8BC9CEB8-8B4A-11D0-8D11-00A0C91BC942}") = "BHO5PS", "BHO5PS.vcxproj", "{BB0D68A1-F031-4170-AD1D-42BA125EBF52}"
	ProjectSection(ProjectDependencies) = postProject
		{25D9528D-817E-4FCC-B395-A337A965A2BD} = {25D9528D-817E-4FCC-B395-A337A965A2BD}
	EndProjectSection
EndProject
Project("{54435603-DBB4-11D2-8724-00A0C9A8B90C}") = "Installer", "..\Setup1\Setup1.vdproj", "{19F91139-C515-4192-963E-069E66A6DB3D}"
	ProjectSection(ProjectDependencies) = postProject
		{25D9528D-817E-4FCC-B395-A337A965A2BD} = {25D9528D-817E-4FCC-B395-A337A965A2BD}
	EndProjectSection
EndProject
Global
	GlobalSection(SolutionConfigurationPlatforms) = preSolution
		Debug|Win32 = Debug|Win32
		Release|Win32 = Release|Win32
	EndGlobalSection
	GlobalSection(ProjectConfigurationPlatforms) = postSolution
		{25D9528D-817E-4FCC-B395-A337A965A2BD}.Debug|Win32.ActiveCfg = Debug|Win32
		{25D9528D-817E-4FCC-B395-A337A965A2BD}.Debug|Win32.Build.0 = Debug|Win32
		{25D9528D-817E-4FCC-B395-A337A965A2BD}.Release|Win32.ActiveCfg = Release|Win32
		{25D9528D-817E-4FCC-B395-A337A965A2BD}.Release|Win32.Build.0 = Release|Win32
		{BB0D68A1-F031-4170-AD1D-42BA125EBF52}.Debug|Win32.ActiveCfg = Debug|Win32
		{BB0D68A1-F031-4170-AD1D-42BA125EBF52}.Debug|Win32.Build.0 = Debug|Win32
		{BB0D68A1-F031-4170-AD1D-42BA125EBF52}.Release|Win32.ActiveCfg = Release|Win32
		{19F91139-C515-4192-963E-069E66A6DB3D}.Debug|Win32.ActiveCfg = Debug
		{19F91139-C515-4192-963E-069E66A6DB3D}.Release|Win32.ActiveCfg = Release
	EndGlobalSection
	GlobalSection(SolutionProperties) = preSolution
		HideSolutionNode = FALSE
	EndGlobalSection
EndGlobal
